
Microsoft Visual Studio Solution File, Format Version 12.00
# Visual Studio Version 17
VisualStudioVersion = 17.6.33801.468
MinimumVisualStudioVersion = 10.0.40219.1
Project("{FAE04EC0-301F-11D3-BF4B-00C04F79EFBC}") = "Web-Form", "Web-Form\Web-Form.csproj", "{1788A3D8-2782-4815-9005-661F492371B6}"
EndProject
Project("{FAE04EC0-301F-11D3-BF4B-00C04F79EFBC}") = "Dominio", "Dominio\Dominio.csproj", "{00EABC1C-B0E2-4EBB-9046-80B3D996EBB7}"
EndProject
Project("{FAE04EC0-301F-11D3-BF4B-00C04F79EFBC}") = "Negocio", "Negocio\Negocio.csproj", "{1E0A3025-4651-433C-AD50-754058452C4C}"
EndProject
Project("{FAE04EC0-301F-11D3-BF4B-00C04F79EFBC}") = "DataBase", "DataBase\DataBase.csproj", "{ED26B690-A5E7-474A-B575-C7196C514F20}"
EndProject
Global
	GlobalSection(SolutionConfigurationPlatforms) = preSolution
		Debug|Any CPU = Debug|Any CPU
		Release|Any CPU = Release|Any CPU
	EndGlobalSection
	GlobalSection(ProjectConfigurationPlatforms) = postSolution
		{1788A3D8-2782-4815-9005-661F492371B6}.Debug|Any CPU.ActiveCfg = Debug|Any CPU
		{1788A3D8-2782-4815-9005-661F492371B6}.Debug|Any CPU.Build.0 = Debug|Any CPU
		{1788A3D8-2782-4815-9005-661F492371B6}.Release|Any CPU.ActiveCfg = Release|Any CPU
		{1788A3D8-2782-4815-9005-661F492371B6}.Release|Any CPU.Build.0 = Release|Any CPU
		{00EABC1C-B0E2-4EBB-9046-80B3D996EBB7}.Debug|Any CPU.ActiveCfg = Debug|Any CPU
		{00EABC1C-B0E2-4EBB-9046-80B3D996EBB7}.Debug|Any CPU.Build.0 = Debug|Any CPU
		{00EABC1C-B0E2-4EBB-9046-80B3D996EBB7}.Release|Any CPU.ActiveCfg = Release|Any CPU
		{00EABC1C-B0E2-4EBB-9046-80B3D996EBB7}.Release|Any CPU.Build.0 = Release|Any CPU
		{1E0A3025-4651-433C-AD50-754058452C4C}.Debug|Any CPU.ActiveCfg = Debug|Any CPU
		{1E0A3025-4651-433C-AD50-754058452C4C}.Debug|Any CPU.Build.0 = Debug|Any CPU
		{1E0A3025-4651-433C-AD50-754058452C4C}.Release|Any CPU.ActiveCfg = Release|Any CPU
		{1E0A3025-4651-433C-AD50-754058452C4C}.Release|Any CPU.Build.0 = Release|Any CPU
		{ED26B690-A5E7-474A-B575-C7196C514F20}.Debug|Any CPU.ActiveCfg = Debug|Any CPU
		{ED26B690-A5E7-474A-B575-C7196C514F20}.Debug|Any CPU.Build.0 = Debug|Any CPU
		{ED26B690-A5E7-474A-B575-C7196C514F20}.Release|Any CPU.ActiveCfg = Release|Any CPU
		{ED26B690-A5E7-474A-B575-C7196C514F20}.Release|Any CPU.Build.0 = Release|Any CPU
	EndGlobalSection
	GlobalSection(SolutionProperties) = preSolution
		HideSolutionNode = FALSE
	EndGlobalSection
	GlobalSection(ExtensibilityGlobals) = postSolution
		SolutionGuid = {B8AAA9BC-D9C3-4405-AE54-0D1827FAC8D2}
	EndGlobalSection
EndGlobal
